
Microsoft Visual Studio Solution File, Format Version 12.00
# Visual Studio Version 17
VisualStudioVersion = 17.5.002.0
MinimumVisualStudioVersion = 10.0.40219.1
Project("{9A19103F-16F7-4668-BE54-9A1E7A4F7556}") = "WriteLens.Core", "WriteLens.Core.csproj", "{56864EBC-1CBA-4AB5-B399-410DDB049660}"
EndProject
Global
	GlobalSection(SolutionConfigurationPlatforms) = preSolution
		Debug|Any CPU = Debug|Any CPU
		Release|Any CPU = Release|Any CPU
	EndGlobalSection
	GlobalSection(ProjectConfigurationPlatforms) = postSolution
		{56864EBC-1CBA-4AB5-B399-410DDB049660}.Debug|Any CPU.ActiveCfg = Debug|Any CPU
		{56864EBC-1CBA-4AB5-B399-410DDB049660}.Debug|Any CPU.Build.0 = Debug|Any CPU
		{56864EBC-1CBA-4AB5-B399-410DDB049660}.Release|Any CPU.ActiveCfg = Release|Any CPU
		{56864EBC-1CBA-4AB5-B399-410DDB049660}.Release|Any CPU.Build.0 = Release|Any CPU
	EndGlobalSection
	GlobalSection(SolutionProperties) = preSolution
		HideSolutionNode = FALSE
	EndGlobalSection
	GlobalSection(ExtensibilityGlobals) = postSolution
		SolutionGuid = {51432A03-6E1F-4A5C-B1C8-5BB5E44E8533}
	EndGlobalSection
EndGlobal
